
Microsoft Visual Studio Solution File, Format Version 12.00
# Visual Studio Version 17
VisualStudioVersion = 17.8.34322.80
MinimumVisualStudioVersion = 10.0.40219.1
Project("{9A19103F-16F7-4668-BE54-9A1E7A4F7556}") = "HotelProject.BusinessLayer", "ApiConsume\HotelProject.BusinessLayer\HotelProject.BusinessLayer.csproj", "{42F37784-9EE3-4A67-9E33-E89F61FEE5E3}"
EndProject
Project("{9A19103F-16F7-4668-BE54-9A1E7A4F7556}") = "HotelProject.DataAccessLayer", "ApiConsume\HotelProject.DataAccessLayer\HotelProject.DataAccessLayer.csproj", "{0ECB05BE-D35C-4D8A-A10A-F9E32768EFB3}"
EndProject
Project("{9A19103F-16F7-4668-BE54-9A1E7A4F7556}") = "HotelProject.DtoLayer", "ApiConsume\HotelProject.DtoLayer\HotelProject.DtoLayer.csproj", "{02FA20EE-7414-4003-A647-EFD39CD1C7FA}"
EndProject
Project("{9A19103F-16F7-4668-BE54-9A1E7A4F7556}") = "HotelProject.EntityLayer", "ApiConsume\HotelProject.EntityLayer\HotelProject.EntityLayer.csproj", "{9A6E2537-2F72-4B37-8C95-EBEF32985110}"
EndProject
Project("{9A19103F-16F7-4668-BE54-9A1E7A4F7556}") = "HotelProject.WebApi", "ApiConsume\HotelProject.WebApi\HotelProject.WebApi.csproj", "{8FAEFCAD-FA95-4E33-BE2A-A6E6A72333AC}"
EndProject
Project("{9A19103F-16F7-4668-BE54-9A1E7A4F7556}") = "HotelProject.WebUI", "Frontend\HotelProject.WebUI\HotelProject.WebUI.csproj", "{C6FBC529-A70E-4C66-B01F-4F88557478C3}"
EndProject
Project("{2150E333-8FDC-42A3-9474-1A3956D46DE8}") = "ApiConsume", "ApiConsume", "{B1F91AFC-68B6-4A0C-B354-BC310AAFDA5E}"
EndProject
Project("{2150E333-8FDC-42A3-9474-1A3956D46DE8}") = "FrontEnd", "FrontEnd", "{E22264D8-F1FF-45AE-B249-99E7005AF759}"
EndProject
Project("{2150E333-8FDC-42A3-9474-1A3956D46DE8}") = "TodoList", "TodoList", "{AF8E7E4C-A9D0-4204-8B89-1F4ED7F0286E}"
	ProjectSection(SolutionItems) = preProject
		Todos.txt = Todos.txt
	EndProjectSection
EndProject
Global
	GlobalSection(SolutionConfigurationPlatforms) = preSolution
		Debug|Any CPU = Debug|Any CPU
		Release|Any CPU = Release|Any CPU
	EndGlobalSection
	GlobalSection(ProjectConfigurationPlatforms) = postSolution
		{42F37784-9EE3-4A67-9E33-E89F61FEE5E3}.Debug|Any CPU.ActiveCfg = Debug|Any CPU
		{42F37784-9EE3-4A67-9E33-E89F61FEE5E3}.Debug|Any CPU.Build.0 = Debug|Any CPU
		{42F37784-9EE3-4A67-9E33-E89F61FEE5E3}.Release|Any CPU.ActiveCfg = Release|Any CPU
		{42F37784-9EE3-4A67-9E33-E89F61FEE5E3}.Release|Any CPU.Build.0 = Release|Any CPU
		{0ECB05BE-D35C-4D8A-A10A-F9E32768EFB3}.Debug|Any CPU.ActiveCfg = Debug|Any CPU
		{0ECB05BE-D35C-4D8A-A10A-F9E32768EFB3}.Debug|Any CPU.Build.0 = Debug|Any CPU
		{0ECB05BE-D35C-4D8A-A10A-F9E32768EFB3}.Release|Any CPU.ActiveCfg = Release|Any CPU
		{0ECB05BE-D35C-4D8A-A10A-F9E32768EFB3}.Release|Any CPU.Build.0 = Release|Any CPU
		{02FA20EE-7414-4003-A647-EFD39CD1C7FA}.Debug|Any CPU.ActiveCfg = Debug|Any CPU
		{02FA20EE-7414-4003-A647-EFD39CD1C7FA}.Debug|Any CPU.Build.0 = Debug|Any CPU
		{02FA20EE-7414-4003-A647-EFD39CD1C7FA}.Release|Any CPU.ActiveCfg = Release|Any CPU
		{02FA20EE-7414-4003-A647-EFD39CD1C7FA}.Release|Any CPU.Build.0 = Release|Any CPU
		{9A6E2537-2F72-4B37-8C95-EBEF32985110}.Debug|Any CPU.ActiveCfg = Debug|Any CPU
		{9A6E2537-2F72-4B37-8C95-EBEF32985110}.Debug|Any CPU.Build.0 = Debug|Any CPU
		{9A6E2537-2F72-4B37-8C95-EBEF32985110}.Release|Any CPU.ActiveCfg = Release|Any CPU
		{9A6E2537-2F72-4B37-8C95-EBEF32985110}.Release|Any CPU.Build.0 = Release|Any CPU
		{8FAEFCAD-FA95-4E33-BE2A-A6E6A72333AC}.Debug|Any CPU.ActiveCfg = Debug|Any CPU
		{8FAEFCAD-FA95-4E33-BE2A-A6E6A72333AC}.Debug|Any CPU.Build.0 = Debug|Any CPU
		{8FAEFCAD-FA95-4E33-BE2A-A6E6A72333AC}.Release|Any CPU.ActiveCfg = Release|Any CPU
		{8FAEFCAD-FA95-4E33-BE2A-A6E6A72333AC}.Release|Any CPU.Build.0 = Release|Any CPU
		{C6FBC529-A70E-4C66-B01F-4F88557478C3}.Debug|Any CPU.ActiveCfg = Debug|Any CPU
		{C6FBC529-A70E-4C66-B01F-4F88557478C3}.Debug|Any CPU.Build.0 = Debug|Any CPU
		{C6FBC529-A70E-4C66-B01F-4F88557478C3}.Release|Any CPU.ActiveCfg = Release|Any CPU
		{C6FBC529-A70E-4C66-B01F-4F88557478C3}.Release|Any CPU.Build.0 = Release|Any CPU
	EndGlobalSection
	GlobalSection(SolutionProperties) = preSolution
		HideSolutionNode = FALSE
	EndGlobalSection
	GlobalSection(NestedProjects) = preSolution
		{42F37784-9EE3-4A67-9E33-E89F61FEE5E3} = {B1F91AFC-68B6-4A0C-B354-BC310AAFDA5E}
		{0ECB05BE-D35C-4D8A-A10A-F9E32768EFB3} = {B1F91AFC-68B6-4A0C-B354-BC310AAFDA5E}
		{02FA20EE-7414-4003-A647-EFD39CD1C7FA} = {B1F91AFC-68B6-4A0C-B354-BC310AAFDA5E}
		{9A6E2537-2F72-4B37-8C95-EBEF32985110} = {B1F91AFC-68B6-4A0C-B354-BC310AAFDA5E}
		{8FAEFCAD-FA95-4E33-BE2A-A6E6A72333AC} = {B1F91AFC-68B6-4A0C-B354-BC310AAFDA5E}
		{C6FBC529-A70E-4C66-B01F-4F88557478C3} = {E22264D8-F1FF-45AE-B249-99E7005AF759}
	EndGlobalSection
	GlobalSection(ExtensibilityGlobals) = postSolution
		SolutionGuid = {C509837B-277F-4983-B7DD-66A5722CA313}
	EndGlobalSection
EndGlobal
